<?xml version="1.0" encoding="utf-8"?>
<Project ToolsVersion="4.0" xmlns="http://schemas.microsoft.com/developer/msbuild/2003">
  <ItemGroup>
    <Filter Include="Gameplay">
      <UniqueIdentifier>{960b6e9d-ce87-4f51-97f1-2e293af9bfc3}</UniqueIdentifier>
    </Filter>
    <Filter Include="Document">
      <UniqueIdentifier>{8f6262e8-8950-43f3-a0f7-ee09a9ca5217}</UniqueIdentifier>
    </Filter>
    <Filter Include="Framework">
      <UniqueIdentifier>{4FC737F1-C7A5-4376-A066-2A32D752A2FF}</UniqueIdentifier>
      <Extensions>cpp;c;cc;cxx;c++;cppm;ixx;def;odl;idl;hpj;bat;asm;asmx</Extensions>
    </Filter>
    <Filter Include="Definition">
      <UniqueIdentifier>{c9b7dcf2-8880-469c-a068-95df674abf22}</UniqueIdentifier>
    </Filter>
    <Filter Include="UI">
      <UniqueIdentifier>{f7a1e8b3-5d92-4c76-9e84-1a23b5c6d789}</UniqueIdentifier>
    </Filter>
  </ItemGroup>
  <ItemGroup>
    <ClCompile Include="Framework/AgentCommand.cpp">
      <Filter>Framework</Filter>
    </ClCompile>
    <ClCompile Include="Framework/App.cpp">
      <Filter>Framework</Filter>
    </ClCompile>
    <ClCompile Include="Framework/BlockIterator.cpp">
      <Filter>Framework</Filter>
    </ClCompile>
    <ClCompile Include="Framework/GameCommon.cpp">
      <Filter>Framework</Filter>
    </ClCompile>
    <ClCompile Include="Framework/Main_Windows.cpp">
      <Filter>Framework</Filter>
    </ClCompile>
    <ClCompile Include="Framework/WorldGenConfig.cpp">
      <Filter>Framework</Filter>
    </ClCompile>
    <ClCompile Include="Framework/ChunkGenerateJob.cpp">
      <Filter>Framework</Filter>
    </ClCompile>
    <ClCompile Include="Framework/ChunkMeshJob.cpp">
      <Filter>Framework</Filter>
    </ClCompile>
    <ClCompile Include="Framework/ChunkLoadJob.cpp">
      <Filter>Framework</Filter>
    </ClCompile>
    <ClCompile Include="Framework/ChunkSaveJob.cpp">
      <Filter>Framework</Filter>
    </ClCompile>
    <ClCompile Include="Definition/BlockDefinition.cpp">
      <Filter>Definition</Filter>
    </ClCompile>
    <ClCompile Include="Definition/BlockRegistry.cpp">
      <Filter>Definition</Filter>
    </ClCompile>
    <ClCompile Include="Definition/ItemRegistry.cpp">
      <Filter>Definition</Filter>
    </ClCompile>
    <ClCompile Include="Definition/Recipe.cpp">
      <Filter>Definition</Filter>
    </ClCompile>
    <ClCompile Include="Definition/RecipeRegistry.cpp">
      <Filter>Definition</Filter>
    </ClCompile>
    <ClCompile Include="Gameplay/Game.cpp">
      <Filter>Gameplay</Filter>
    </ClCompile>
    <ClCompile Include="Gameplay/Player.cpp">
      <Filter>Gameplay</Filter>
    </ClCompile>
    <ClCompile Include="Gameplay/Entity.cpp">
      <Filter>Gameplay</Filter>
    </ClCompile>
    <ClCompile Include="Gameplay/Agent.cpp">
      <Filter>Gameplay</Filter>
    </ClCompile>
    <ClCompile Include="Gameplay/Inventory.cpp">
      <Filter>Gameplay</Filter>
    </ClCompile>
    <ClCompile Include="Gameplay/ItemEntity.cpp">
      <Filter>Gameplay</Filter>
    </ClCompile>
    <ClCompile Include="Gameplay/ItemStack.cpp">
      <Filter>Gameplay</Filter>
    </ClCompile>
    <ClCompile Include="Gameplay/World.cpp">
      <Filter>Gameplay</Filter>
    </ClCompile>
    <ClCompile Include="UI/HotbarWidget.cpp">
      <Filter>UI</Filter>
    </ClCompile>
    <ClCompile Include="UI/InventoryWidget.cpp">
      <Filter>UI</Filter>
    </ClCompile>
    <ClCompile Include="Framework/Chunk.cpp">
      <Filter>Gameplay</Filter>
    </ClCompile>
    <ClCompile Include="Framework/Block.cpp">
      <Filter>Gameplay</Filter>
    </ClCompile>
  </ItemGroup>
  <ItemGroup>
    <ClInclude Include="EngineBuildPreferences.hpp">
      <Filter>Framework</Filter>
    </ClInclude>
    <ClInclude Include="Definition/BlockDefinition.hpp">
      <Filter>Definition</Filter>
    </ClInclude>
    <ClInclude Include="Definition/BlockRegistry.hpp">
      <Filter>Definition</Filter>
    </ClInclude>
    <ClInclude Include="Definition/ItemDefinition.hpp">
      <Filter>Definition</Filter>
    </ClInclude>
    <ClInclude Include="Definition/ItemRegistry.hpp">
      <Filter>Definition</Filter>
    </ClInclude>
    <ClInclude Include="Definition/Recipe.hpp">
      <Filter>Definition</Filter>
    </ClInclude>
    <ClInclude Include="Definition/RecipeRegistry.hpp">
      <Filter>Definition</Filter>
    </ClInclude>
    <ClInclude Include="Definition/Registry.hpp">
      <Filter>Definition</Filter>
    </ClInclude>
    <ClInclude Include="Gameplay/Game.hpp">
      <Filter>Gameplay</Filter>
    </ClInclude>
    <ClInclude Include="Gameplay/Player.hpp">
      <Filter>Gameplay</Filter>
    </ClInclude>
    <ClInclude Include="Gameplay/Entity.hpp">
      <Filter>Gameplay</Filter>
    </ClInclude>
    <ClInclude Include="Gameplay/Agent.hpp">
      <Filter>Gameplay</Filter>
    </ClInclude>
    <ClInclude Include="Gameplay/Inventory.hpp">
      <Filter>Gameplay</Filter>
    </ClInclude>
    <ClInclude Include="Gameplay/ItemEntity.hpp">
      <Filter>Gameplay</Filter>
    </ClInclude>
    <ClInclude Include="Gameplay/ItemStack.hpp">
      <Filter>Gameplay</Filter>
    </ClInclude>
    <ClInclude Include="Framework/BlockIterator.hpp">
      <Filter>Framework</Filter>
    </ClInclude>
    <ClInclude Include="Gameplay/World.hpp">
      <Filter>Gameplay</Filter>
    </ClInclude>
    <ClInclude Include="UI/HotbarWidget.hpp">
      <Filter>UI</Filter>
    </ClInclude>
    <ClInclude Include="UI/InventoryWidget.hpp">
      <Filter>UI</Filter>
    </ClInclude>
    <ClInclude Include="Framework/Block.hpp">
      <Filter>Gameplay</Filter>
    </ClInclude>
    <ClInclude Include="Framework/Chunk.hpp">
      <Filter>Gameplay</Filter>
    </ClInclude>
    <ClInclude Include="Framework/AgentCommand.hpp">
      <Filter>Framework</Filter>
    </ClInclude>
    <ClInclude Include="Framework/App.hpp">
      <Filter>Framework</Filter>
    </ClInclude>
    <ClInclude Include="Framework/ChunkGenerateJob.hpp">
      <Filter>Framework</Filter>
    </ClInclude>
    <ClInclude Include="Framework/ChunkLoadJob.hpp">
      <Filter>Framework</Filter>
    </ClInclude>
    <ClInclude Include="Framework/ChunkSaveJob.hpp">
      <Filter>Framework</Filter>
    </ClInclude>
    <ClInclude Include="Framework/GameCommon.hpp">
      <Filter>Framework</Filter>
    </ClInclude>
    <ClInclude Include="Framework/WorldGenConfig.hpp">
      <Filter>Framework</Filter>
    </ClInclude>
    <ClInclude Include="Framework/ChunkMeshJob.hpp">
      <Filter>Framework</Filter>
    </ClInclude>
  </ItemGroup>
  <ItemGroup>
    <None Include="../../Docs/README.md">
      <Filter>Document</Filter>
    </None>
  </ItemGroup>
</Project>